PODS:
  - AFNetworking (3.1.0):
    - AFNetworking/NSURLSession (= 3.1.0)
    - AFNetworking/Reachability (= 3.1.0)
    - AFNetworking/Security (= 3.1.0)
    - AFNetworking/Serialization (= 3.1.0)
    - AFNetworking/UIKit (= 3.1.0)
  - AFNetworking/NSURLSession (3.1.0):
    - AFNetworking/Reachability
    - AFNetworking/Security
    - AFNetworking/Serialization
  - AFNetworking/Reachability (3.1.0)
  - AFNetworking/Security (3.1.0)
  - AFNetworking/Serialization (3.1.0)
  - AFNetworking/UIKit (3.1.0):
    - AFNetworking/NSURLSession
  - CYLTabBarController (1.6.0)
  - DACircularProgress (2.3.1)
  - Masonry (1.0.1)
  - MBProgressHUD (1.0.0)
  - MJExtension (3.0.13)
  - MJRefresh (3.1.12)
  - PYPhotoBrowser (1.0.0):
    - DACircularProgress
    - MBProgressHUD
    - SDWebImage
  - SDWebImage (3.8.1):
    - SDWebImage/Core (= 3.8.1)
  - SDWebImage/Core (3.8.1)

DEPENDENCIES:
  - AFNetworking
  - CYLTabBarController
  - DACircularProgress
  - Masonry
  - MBProgressHUD
  - MJExtension
  - MJRefresh
  - PYPhotoBrowser
  - SDWebImage

SPEC CHECKSUMS:
  AFNetworking: 5e0e199f73d8626b11e79750991f5d173d1f8b67
  CYLTabBarController: efbdd574772be17f17965acd7ee993f5972ff02f
  DACircularProgress: 4dd437c0fc3da5161cb289e07ac449493d41db71
  Masonry: a1a931a0d08870ed8ae415a2ea5ea68ebcac77df
  MBProgressHUD: 4890f671c94e8a0f3cf959aa731e9de2f036d71a
  MJExtension: 5932755f451458eefa24239358817f8d291240c7
  MJRefresh: b96cdb21c4aa75a7b07654311ab2f315c497e806
  PYPhotoBrowser: 3f0267d5f3449a46f7f037ba336ddbf238d2029f
  SDWebImage: 35f9627a3e44b4f292a8a8ce6a531fa488239b91

COCOAPODS: 0.39.0
